<?xml version="1.0" encoding="utf-8"?>
<Project ToolsVersion="4.0" xmlns="http://schemas.microsoft.com/developer/msbuild/2003">
  <ItemGroup>
    <Filter Include="Source Files">
      <UniqueIdentifier>{73e04219-cbe1-4577-aa93-38a645e2d569}</UniqueIdentifier>
      <Extensions>cpp;c;cxx;rc;def;r;odl;idl;hpj;bat</Extensions>
    </Filter>
    <Filter Include="Header Files">
      <UniqueIdentifier>{4c864eef-20cb-48d5-babe-74f5a0b7a774}</UniqueIdentifier>
      <Extensions>h;hpp;hxx;hm;inl</Extensions>
    </Filter>
  </ItemGroup>
  <ItemGroup>
    <ClCompile Include="base64.cpp">
      <Filter>Source Files</Filter>
    </ClCompile>
    <ClCompile Include="HMAC_SHA1.cpp">
      <Filter>Source Files</Filter>
    </ClCompile>
    <ClCompile Include="oauthlib.cpp">
      <Filter>Source Files</Filter>
    </ClCompile>
    <ClCompile Include="SHA1.cpp">
      <Filter>Source Files</Filter>
    </ClCompile>
    <ClCompile Include="twitcurl.cpp">
      <Filter>Source Files</Filter>
    </ClCompile>
    <ClCompile Include="urlencode.cpp">
      <Filter>Source Files</Filter>
    </ClCompile>
  </ItemGroup>
  <ItemGroup>
    <ClInclude Include="base64.h">
      <Filter>Header Files</Filter>
    </ClInclude>
    <ClInclude Include="HMAC_SHA1.h">
      <Filter>Header Files</Filter>
    </ClInclude>
    <ClInclude Include="oauthlib.h">
      <Filter>Header Files</Filter>
    </ClInclude>
    <ClInclude Include="SHA1.h">
      <Filter>Header Files</Filter>
    </ClInclude>
    <ClInclude Include="twitcurl.h">
      <Filter>Header Files</Filter>
    </ClInclude>
    <ClInclude Include="twitcurlurls.h">
      <Filter>Header Files</Filter>
    </ClInclude>
    <ClInclude Include="urlencode.h">
      <Filter>Header Files</Filter>
    </ClInclude>
  </ItemGroup>
</Project>